
Microsoft Visual Studio Solution File, Format Version 12.00
# Visual Studio 2012
Project("{2150E333-8FDC-42A3-9474-1A3956D46DE8}") = "Solution Items", "Solution Items", "{1B7FB966-60F0-4A04-B645-54E9559D6DD5}"
	ProjectSection(SolutionItems) = preProject
		.gitignore = .gitignore
		Advanced_techniques.adoc = Advanced_techniques.adoc
		Basic_techniques.adoc = Basic_techniques.adoc
		build.bat = build.bat
		CRUD_operations.adoc = CRUD_operations.adoc
		MAIN.adoc = MAIN.adoc
		README.md = README.md
		SUMMARY.adoc = SUMMARY.adoc
	EndProjectSection
EndProject
Global
	GlobalSection(SolutionProperties) = preSolution
		HideSolutionNode = FALSE
	EndGlobalSection
EndGlobal
